
Microsoft Visual Studio Solution File, Format Version 12.00
# Visual Studio Version 16
VisualStudioVersion = 16.0.31624.102
MinimumVisualStudioVersion = 10.0.40219.1
Project("{9A19103F-16F7-4668-BE54-9A1E7A4F7556}") = "MVC_Practica", "MVC_Practica\MVC_Practica.csproj", "{60DE037A-460D-491C-AA31-015AF9C0F6C0}"
EndProject
Global
	GlobalSection(SolutionConfigurationPlatforms) = preSolution
		Debug|Any CPU = Debug|Any CPU
		Release|Any CPU = Release|Any CPU
	EndGlobalSection
	GlobalSection(ProjectConfigurationPlatforms) = postSolution
		{60DE037A-460D-491C-AA31-015AF9C0F6C0}.Debug|Any CPU.ActiveCfg = Debug|Any CPU
		{60DE037A-460D-491C-AA31-015AF9C0F6C0}.Debug|Any CPU.Build.0 = Debug|Any CPU
		{60DE037A-460D-491C-AA31-015AF9C0F6C0}.Release|Any CPU.ActiveCfg = Release|Any CPU
		{60DE037A-460D-491C-AA31-015AF9C0F6C0}.Release|Any CPU.Build.0 = Release|Any CPU
	EndGlobalSection
	GlobalSection(SolutionProperties) = preSolution
		HideSolutionNode = FALSE
	EndGlobalSection
	GlobalSection(ExtensibilityGlobals) = postSolution
		SolutionGuid = {B9430E26-D875-4132-B604-C8F994E352AA}
	EndGlobalSection
EndGlobal
